
Microsoft Visual Studio Solution File, Format Version 12.00
# Visual Studio Version 17
VisualStudioVersion = 17.4.33110.190
MinimumVisualStudioVersion = 10.0.40219.1
Project("{FAE04EC0-301F-11D3-BF4B-00C04F79EFBC}") = "AkademiKartOdevi", "AkademiKartOdevi\AkademiKartOdevi.csproj", "{88362472-98A1-4AA8-A2A7-3AC20883CDEB}"
EndProject
Global
	GlobalSection(SolutionConfigurationPlatforms) = preSolution
		Debug|Any CPU = Debug|Any CPU
		Release|Any CPU = Release|Any CPU
	EndGlobalSection
	GlobalSection(ProjectConfigurationPlatforms) = postSolution
		{88362472-98A1-4AA8-A2A7-3AC20883CDEB}.Debug|Any CPU.ActiveCfg = Debug|Any CPU
		{88362472-98A1-4AA8-A2A7-3AC20883CDEB}.Debug|Any CPU.Build.0 = Debug|Any CPU
		{88362472-98A1-4AA8-A2A7-3AC20883CDEB}.Release|Any CPU.ActiveCfg = Release|Any CPU
		{88362472-98A1-4AA8-A2A7-3AC20883CDEB}.Release|Any CPU.Build.0 = Release|Any CPU
	EndGlobalSection
	GlobalSection(SolutionProperties) = preSolution
		HideSolutionNode = FALSE
	EndGlobalSection
	GlobalSection(ExtensibilityGlobals) = postSolution
		SolutionGuid = {1A557B2E-97B4-44CA-B6E4-75E7E337C2A9}
	EndGlobalSection
EndGlobal
